{
  "projects": [
    {
      "projectId": "seaQhLVS4bbjiGvJJrRwyL",
      "version": "15.0.3",
      "dependencies": {},
      "lang": "ts",
      "fileLocks": [
        {
          "assetId": "seaQhLVS4bbjiGvJJrRwyL",
          "type": "projectCss",
          "checksum": "26794d6f8d5173a48bf20eb6ded6dfc6"
        }
      ]
    },
    {
      "projectId": "aonXjkSUP5RtpmHS37sk7g",
      "version": "latest",
      "dependencies": {
        "seaQhLVS4bbjiGvJJrRwyL": "15.0.3"
      },
      "lang": "ts",
      "fileLocks": [
        {
          "type": "globalVariant",
          "assetId": "cSmcC7ksZmZD",
          "checksum": "79012a5994a238f4ab038cff6e39e7af"
        },
        {
          "assetId": "aonXjkSUP5RtpmHS37sk7g",
          "type": "projectCss",
          "checksum": "7c4b3f5a2ddabc9ee12441de54b07156"
        },
        {
          "type": "renderModule",
          "assetId": "IWdHs8igRhN",
          "checksum": "8b27531864c17e19f8f8983093d280ae"
        },
        {
          "type": "cssRules",
          "assetId": "IWdHs8igRhN",
          "checksum": "8b27531864c17e19f8f8983093d280ae"
        },
        {
          "type": "renderModule",
          "assetId": "6I9OloNBM-B",
          "checksum": "338c477cbf536f372b2954c794e23241"
        },
        {
          "type": "cssRules",
          "assetId": "6I9OloNBM-B",
          "checksum": "338c477cbf536f372b2954c794e23241"
        },
        {
          "type": "renderModule",
          "assetId": "l07HW1pKcg6",
          "checksum": "90a20845d20c15d4155759c8f261f987"
        },
        {
          "type": "cssRules",
          "assetId": "l07HW1pKcg6",
          "checksum": "90a20845d20c15d4155759c8f261f987"
        },
        {
          "type": "renderModule",
          "assetId": "UiX6DexRCFI",
          "checksum": "a863fc464c9f9e006194877136af568c"
        },
        {
          "type": "cssRules",
          "assetId": "UiX6DexRCFI",
          "checksum": "a863fc464c9f9e006194877136af568c"
        },
        {
          "type": "renderModule",
          "assetId": "NeD17rHpc4Z",
          "checksum": "0086bcc51e51905e31de6fde6d832a9b"
        },
        {
          "type": "cssRules",
          "assetId": "NeD17rHpc4Z",
          "checksum": "0086bcc51e51905e31de6fde6d832a9b"
        },
        {
          "type": "renderModule",
          "assetId": "f9XfEIqUMVt",
          "checksum": "070667330fe8b1a7c51df497771f8112"
        },
        {
          "type": "cssRules",
          "assetId": "f9XfEIqUMVt",
          "checksum": "070667330fe8b1a7c51df497771f8112"
        },
        {
          "type": "renderModule",
          "assetId": "A58cx1y4zmwI",
          "checksum": "48a723354df4191be1a2156cbaa831d2"
        },
        {
          "type": "cssRules",
          "assetId": "A58cx1y4zmwI",
          "checksum": "48a723354df4191be1a2156cbaa831d2"
        },
        {
          "type": "renderModule",
          "assetId": "CHGurSZLr_3O",
          "checksum": "35915ee293c8a382c76c6b66183f2aeb"
        },
        {
          "type": "cssRules",
          "assetId": "CHGurSZLr_3O",
          "checksum": "35915ee293c8a382c76c6b66183f2aeb"
        },
        {
          "type": "renderModule",
          "assetId": "-s_crYl_A2fc",
          "checksum": "5b6fd864cd1d1e6bfb7852bffa055513"
        },
        {
          "type": "cssRules",
          "assetId": "-s_crYl_A2fc",
          "checksum": "5b6fd864cd1d1e6bfb7852bffa055513"
        },
        {
          "type": "renderModule",
          "assetId": "NawQ_Lq11r3s",
          "checksum": "28fa144cc4976ec5789f8aba29b86d37"
        },
        {
          "type": "cssRules",
          "assetId": "NawQ_Lq11r3s",
          "checksum": "28fa144cc4976ec5789f8aba29b86d37"
        },
        {
          "type": "renderModule",
          "assetId": "_HMY1OpuhDfD",
          "checksum": "fd1e25848d9dc7b389988d76b7e27f55"
        },
        {
          "type": "cssRules",
          "assetId": "_HMY1OpuhDfD",
          "checksum": "fd1e25848d9dc7b389988d76b7e27f55"
        },
        {
          "type": "renderModule",
          "assetId": "LSr9F8nFFQfG",
          "checksum": "6968b1c5cfeaab53d1cc01b257335e23"
        },
        {
          "type": "cssRules",
          "assetId": "LSr9F8nFFQfG",
          "checksum": "6968b1c5cfeaab53d1cc01b257335e23"
        },
        {
          "type": "renderModule",
          "assetId": "2VKJk33_wk8Z",
          "checksum": "8162de6762a79e089b6e9301ced443db"
        },
        {
          "type": "cssRules",
          "assetId": "2VKJk33_wk8Z",
          "checksum": "8162de6762a79e089b6e9301ced443db"
        },
        {
          "type": "renderModule",
          "assetId": "fuJP-LardpIy",
          "checksum": "c3de6c4da4838d2e023611d49b638ab7"
        },
        {
          "type": "cssRules",
          "assetId": "fuJP-LardpIy",
          "checksum": "c3de6c4da4838d2e023611d49b638ab7"
        },
        {
          "type": "renderModule",
          "assetId": "5KSV1mkKBaYl",
          "checksum": "c7a2c1056b5b82ac31e6bd01642c8526"
        },
        {
          "type": "cssRules",
          "assetId": "5KSV1mkKBaYl",
          "checksum": "c7a2c1056b5b82ac31e6bd01642c8526"
        },
        {
          "type": "renderModule",
          "assetId": "Oj-X6iBvxsEE",
          "checksum": "0ca9fdda78ef30b1aa4f5574e55e56cd"
        },
        {
          "type": "cssRules",
          "assetId": "Oj-X6iBvxsEE",
          "checksum": "0ca9fdda78ef30b1aa4f5574e55e56cd"
        },
        {
          "type": "renderModule",
          "assetId": "vx9Xv_HBMNT-",
          "checksum": "63a80aaf7936c020fc5bad85dfdc162f"
        },
        {
          "type": "cssRules",
          "assetId": "vx9Xv_HBMNT-",
          "checksum": "63a80aaf7936c020fc5bad85dfdc162f"
        },
        {
          "type": "icon",
          "assetId": "HYIa8Lbglycz",
          "checksum": "b6108f12c2b5b3911ba3f2e10e5771b9"
        },
        {
          "type": "icon",
          "assetId": "DbFUhHgTctsc",
          "checksum": "0dae5d6d200b28ec2d8f1340485e8d7b"
        },
        {
          "type": "icon",
          "assetId": "5nl1Y2V1ZRzI",
          "checksum": "24507a989c5b4fbfb7bbbad0d2b6364c"
        },
        {
          "type": "icon",
          "assetId": "9yRrYolHmlfw",
          "checksum": "ef45cbe11110f0118816f8be7fdf4e44"
        },
        {
          "type": "icon",
          "assetId": "Xc8XW5tSKgRb",
          "checksum": "a0f22840020881f1ead574aeb2bb56b8"
        },
        {
          "type": "icon",
          "assetId": "NudpcdGpisYc",
          "checksum": "5ec5d2c045bea2fc22cf7cedae08bab6"
        },
        {
          "type": "icon",
          "assetId": "-myQmL-TrqLJ",
          "checksum": "a5341cf9356f7159412334b0d907e9cb"
        },
        {
          "type": "icon",
          "assetId": "Yz_0tCBQabvP",
          "checksum": "fee6bec111d9ff6db6e83e380df69415"
        },
        {
          "type": "icon",
          "assetId": "13nqV19gFCVb",
          "checksum": "f8010d940ad99ea5541082060eb6a45b"
        },
        {
          "type": "icon",
          "assetId": "W7nJEYEhdnph",
          "checksum": "3763136a0baef1a598f09f9c7275d280"
        },
        {
          "type": "icon",
          "assetId": "X4pcSuOXVe7g",
          "checksum": "5b4c37bbf986698ed418a78389acf69a"
        },
        {
          "type": "icon",
          "assetId": "4uGGolu7lnX2",
          "checksum": "17e40f4a255b3f1319d186c44d802c51"
        },
        {
          "type": "icon",
          "assetId": "SEvET931pmTh",
          "checksum": "1128768635ac88ffd2d4c861f7087906"
        },
        {
          "type": "icon",
          "assetId": "4C05MSsPoyOX",
          "checksum": "f8a3bc062a1471cee7a3fcf242423757"
        },
        {
          "type": "icon",
          "assetId": "p01csaGQBCbB",
          "checksum": "d03cf64330b114d485503efd18913cb0"
        },
        {
          "type": "icon",
          "assetId": "BfG0ReHD5xgi",
          "checksum": "9a7722ff87d5324b6d4d10ea67064043"
        },
        {
          "type": "icon",
          "assetId": "dyaoMyRcjePH",
          "checksum": "6b370821cf1bfe5ae4dcbdb95648ce5a"
        },
        {
          "type": "icon",
          "assetId": "kFOyLttGBvI-",
          "checksum": "9d4326e44937aadb98332aa5d0ee5c89"
        },
        {
          "type": "icon",
          "assetId": "HGY5CKweFG9y",
          "checksum": "9b1b1fd695d86762a9b728f2e7d45cde"
        },
        {
          "type": "icon",
          "assetId": "p6M7IBmbUJu4",
          "checksum": "1c819bd1dde21c39b1dfd5f526d86ff6"
        },
        {
          "type": "icon",
          "assetId": "uMgTYqLA2EAM",
          "checksum": "68ab0febd8ba5435ab860f8fa5043a15"
        },
        {
          "type": "icon",
          "assetId": "iDtF5qbw1uj5",
          "checksum": "83b60e4f7158c9e463e07f0d32347ec3"
        },
        {
          "type": "image",
          "assetId": "1atYGJ6W3x7s",
          "checksum": "8f4f1f9c9dde0a7965307d293ab1eecb"
        },
        {
          "type": "image",
          "assetId": "X_Tl7IzcTzzU",
          "checksum": "1e23054e14f79590f1cd63cba9245c23"
        },
        {
          "type": "image",
          "assetId": "sbcXJVreIyi4",
          "checksum": "010bd3ca289dd813e509e3459bba7c22"
        },
        {
          "type": "image",
          "assetId": "yjSC8yfrBuhW",
          "checksum": "67f184c821c9a9ad469d4a05ffb9b65d"
        }
      ]
    }
  ],
  "cliVersion": "0.1.166"
}
